{
  "name": "schoolsync",
  "lockfileVersion": 3,
  "requires": true,
  "packages": {
    "": {
      "dependencies": {
        "@tanstack/query-sync-storage-persister": "^5.99.0",
        "@tanstack/react-query-persist-client": "^5.99.0"
      }
    },
    "node_modules/@tanstack/query-core": {
      "version": "5.99.0",
      "resolved": "https://registry.npmjs.org/@tanstack/query-core/-/query-core-5.99.0.tgz",
      "integrity": "sha512-3Jv3WQG0BCcH7G+7lf/bP8QyBfJOXeY+T08Rin3GZ1bshvwlbPt7NrDHMEzGdKIOmOzvIQmxjk28YEQX60k7pQ==",
      "license": "MIT",
      "funding": {
        "type": "github",
        "url": "https://github.com/sponsors/tannerlinsley"
      }
    },
    "node_modules/@tanstack/query-persist-client-core": {
      "version": "5.99.0",
      "resolved": "https://registry.npmjs.org/@tanstack/query-persist-client-core/-/query-persist-client-core-5.99.0.tgz",
      "integrity": "sha512-FzXoxqGYa+ozGNGBIPHJT06rJD4geiHGbVXNS8K7cwN34te64LXlO5Ep+roQYvZjXJFNrLa4W48DIYITpMxzuA==",
      "license": "MIT",
      "dependencies": {
        "@tanstack/query-core": "5.99.0"
      },
      "funding": {
        "type": "github",
        "url": "https://github.com/sponsors/tannerlinsley"
      }
    },
    "node_modules/@tanstack/query-sync-storage-persister": {
      "version": "5.99.0",
      "resolved": "https://registry.npmjs.org/@tanstack/query-sync-storage-persister/-/query-sync-storage-persister-5.99.0.tgz",
      "integrity": "sha512-Q7xJ+AiesEEB8ZKGrsv7qJfhyr0eT1Z+84TZxQspGZZnJziOalcLUOLGgHOxPaEQGGcxqM1NbrgGYO/WpnTjeQ==",
      "license": "MIT",
      "dependencies": {
        "@tanstack/query-core": "5.99.0",
        "@tanstack/query-persist-client-core": "5.99.0"
      },
      "funding": {
        "type": "github",
        "url": "https://github.com/sponsors/tannerlinsley"
      }
    },
    "node_modules/@tanstack/react-query": {
      "version": "5.99.0",
      "resolved": "https://registry.npmjs.org/@tanstack/react-query/-/react-query-5.99.0.tgz",
      "integrity": "sha512-OY2bCqPemT1LlqJ8Y2CUau4KELnIhhG9Ol3ZndPbdnB095pRbPo1cHuXTndg8iIwtoHTgwZjyaDnQ0xD0mYwAw==",
      "license": "MIT",
      "peer": true,
      "dependencies": {
        "@tanstack/query-core": "5.99.0"
      },
      "funding": {
        "type": "github",
        "url": "https://github.com/sponsors/tannerlinsley"
      },
      "peerDependencies": {
        "react": "^18 || ^19"
      }
    },
    "node_modules/@tanstack/react-query-persist-client": {
      "version": "5.99.0",
      "resolved": "https://registry.npmjs.org/@tanstack/react-query-persist-client/-/react-query-persist-client-5.99.0.tgz",
      "integrity": "sha512-A3TTaaYZOy6dFUNJj3r10rwmUBWaXqc2N71a7jzpFXilYAYWLKJf9ivT5n5bhXsJnSkdvv1RLifUg/GdvDGaDw==",
      "license": "MIT",
      "dependencies": {
        "@tanstack/query-persist-client-core": "5.99.0"
      },
      "funding": {
        "type": "github",
        "url": "https://github.com/sponsors/tannerlinsley"
      },
      "peerDependencies": {
        "@tanstack/react-query": "^5.99.0",
        "react": "^18 || ^19"
      }
    },
    "node_modules/react": {
      "version": "19.2.5",
      "resolved": "https://registry.npmjs.org/react/-/react-19.2.5.tgz",
      "integrity": "sha512-llUJLzz1zTUBrskt2pwZgLq59AemifIftw4aB7JxOqf1HY2FDaGDxgwpAPVzHU1kdWabH7FauP4i1oEeer2WCA==",
      "license": "MIT",
      "peer": true,
      "engines": {
        "node": ">=0.10.0"
      }
    }
  }
}
